
Microsoft Visual Studio Solution File, Format Version 12.00
# Visual Studio Version 16
VisualStudioVersion = 16.0.29613.14
MinimumVisualStudioVersion = 10.0.40219.1
Project("{FAE04EC0-301F-11D3-BF4B-00C04F79EFBC}") = "ProvaPOOParte1", "ProvaPOOParte1\ProvaPOOParte1.csproj", "{D35F4D31-ADDD-4485-9094-F939A7CEACED}"
EndProject
Global
	GlobalSection(SolutionConfigurationPlatforms) = preSolution
		Debug|Any CPU = Debug|Any CPU
		Release|Any CPU = Release|Any CPU
	EndGlobalSection
	GlobalSection(ProjectConfigurationPlatforms) = postSolution
		{D35F4D31-ADDD-4485-9094-F939A7CEACED}.Debug|Any CPU.ActiveCfg = Debug|Any CPU
		{D35F4D31-ADDD-4485-9094-F939A7CEACED}.Debug|Any CPU.Build.0 = Debug|Any CPU
		{D35F4D31-ADDD-4485-9094-F939A7CEACED}.Release|Any CPU.ActiveCfg = Release|Any CPU
		{D35F4D31-ADDD-4485-9094-F939A7CEACED}.Release|Any CPU.Build.0 = Release|Any CPU
	EndGlobalSection
	GlobalSection(SolutionProperties) = preSolution
		HideSolutionNode = FALSE
	EndGlobalSection
	GlobalSection(ExtensibilityGlobals) = postSolution
		SolutionGuid = {735C47F3-6F9F-4708-82E8-4CCE7E941F07}
	EndGlobalSection
EndGlobal
